
Microsoft Visual Studio Solution File, Format Version 12.00
# Visual Studio 15
VisualStudioVersion = 15.0.27703.2042
MinimumVisualStudioVersion = 10.0.40219.1
Project("{FAE04EC0-301F-11D3-BF4B-00C04F79EFBC}") = "MusicPlayer", "MusicPlayer\MusicPlayer.csproj", "{D9C06121-BEC2-4B4F-BA84-7044545A6433}"
EndProject
Global
	GlobalSection(SolutionConfigurationPlatforms) = preSolution
		Debug|Any CPU = Debug|Any CPU
		Release|Any CPU = Release|Any CPU
	EndGlobalSection
	GlobalSection(ProjectConfigurationPlatforms) = postSolution
		{D9C06121-BEC2-4B4F-BA84-7044545A6433}.Debug|Any CPU.ActiveCfg = Debug|Any CPU
		{D9C06121-BEC2-4B4F-BA84-7044545A6433}.Debug|Any CPU.Build.0 = Debug|Any CPU
		{D9C06121-BEC2-4B4F-BA84-7044545A6433}.Release|Any CPU.ActiveCfg = Release|Any CPU
		{D9C06121-BEC2-4B4F-BA84-7044545A6433}.Release|Any CPU.Build.0 = Release|Any CPU
	EndGlobalSection
	GlobalSection(SolutionProperties) = preSolution
		HideSolutionNode = FALSE
	EndGlobalSection
	GlobalSection(ExtensibilityGlobals) = postSolution
		SolutionGuid = {400A6B75-9831-4342-A1A8-977EF7FB0733}
	EndGlobalSection
EndGlobal
